// !$*UTF8*$!
{
	archiveVersion = 1;
	classes = {
	};
	objectVersion = 77;
	objects = {

/* Begin PBXBuildFile section */
		F4F9975B2F988AD4007E8051 /* AppDelegate.swift in Sources */ = {isa = PBXBuildFile; fileRef = F4F9975A2F988AD4007E8051 /* AppDelegate.swift */; };
		F4F9975F2F988AD4007E8051 /* Main.html in Resources */ = {isa = PBXBuildFile; fileRef = F4F9975D2F988AD4007E8051 /* Main.html */; };
		F4F997612F988AD4007E8051 /* Icon.svg in Resources */ = {isa = PBXBuildFile; fileRef = F4F997602F988AD4007E8051 /* Icon.svg */; };
		F4F997632F988AD4007E8051 /* Style.css in Resources */ = {isa = PBXBuildFile; fileRef = F4F997622F988AD4007E8051 /* Style.css */; };
		F4F997652F988AD4007E8051 /* Script.js in Resources */ = {isa = PBXBuildFile; fileRef = F4F997642F988AD4007E8051 /* Script.js */; };
		F4F997672F988AD4007E8051 /* ViewController.swift in Sources */ = {isa = PBXBuildFile; fileRef = F4F997662F988AD4007E8051 /* ViewController.swift */; };
		F4F9976A2F988AD4007E8051 /* Main.storyboard in Resources */ = {isa = PBXBuildFile; fileRef = F4F997682F988AD4007E8051 /* Main.storyboard */; };
		F4F9976C2F988AD5007E8051 /* Assets.xcassets in Resources */ = {isa = PBXBuildFile; fileRef = F4F9976B2F988AD5007E8051 /* Assets.xcassets */; };
		F4F997732F988AD5007E8051 /* TablissNG Extension.appex in Embed Foundation Extensions */ = {isa = PBXBuildFile; fileRef = F4F997722F988AD5007E8051 /* TablissNG Extension.appex */; settings = {ATTRIBUTES = (RemoveHeadersOnCopy, ); }; };
		F4F997782F988AD5007E8051 /* SafariWebExtensionHandler.swift in Sources */ = {isa = PBXBuildFile; fileRef = F4F997772F988AD5007E8051 /* SafariWebExtensionHandler.swift */; };
/* End PBXBuildFile section */

/* Begin PBXContainerItemProxy section */
		F4F997742F988AD5007E8051 /* PBXContainerItemProxy */ = {
			isa = PBXContainerItemProxy;
			containerPortal = F4F9974F2F988AD4007E8051 /* Project object */;
			proxyType = 1;
			remoteGlobalIDString = F4F997712F988AD5007E8051;
			remoteInfo = "TablissNG Extension";
		};
/* End PBXContainerItemProxy section */

/* Begin PBXCopyFilesBuildPhase section */
		F4F9977F2F988AD5007E8051 /* Embed Foundation Extensions */ = {
			isa = PBXCopyFilesBuildPhase;
			buildActionMask = 2147483647;
			dstPath = "";
			dstSubfolderSpec = 13;
			files = (
				F4F997732F988AD5007E8051 /* TablissNG Extension.appex in Embed Foundation Extensions */,
			);
			name = "Embed Foundation Extensions";
			runOnlyForDeploymentPostprocessing = 0;
		};
/* End PBXCopyFilesBuildPhase section */

/* Begin PBXFileReference section */
		F4F71F092F991AF70081EEDF /* safari */ = {isa = PBXFileReference; lastKnownFileType = folder; name = safari; path = ../dist/safari; sourceTree = SOURCE_ROOT; };
		F4F997572F988AD4007E8051 /* TablissNG.app */ = {isa = PBXFileReference; explicitFileType = wrapper.application; includeInIndex = 0; path = TablissNG.app; sourceTree = BUILT_PRODUCTS_DIR; };
		F4F9975A2F988AD4007E8051 /* AppDelegate.swift */ = {isa = PBXFileReference; lastKnownFileType = sourcecode.swift; path = AppDelegate.swift; sourceTree = "<group>"; };
		F4F9975E2F988AD4007E8051 /* Base */ = {isa = PBXFileReference; lastKnownFileType = text.html; name = Base; path = Base.lproj/Main.html; sourceTree = "<group>"; };
		F4F997602F988AD4007E8051 /* Icon.svg */ = {isa = PBXFileReference; lastKnownFileType = "public.svg-image"; path = Icon.svg; sourceTree = "<group>"; };
		F4F997622F988AD4007E8051 /* Style.css */ = {isa = PBXFileReference; lastKnownFileType = text.css; path = Style.css; sourceTree = "<group>"; };
		F4F997642F988AD4007E8051 /* Script.js */ = {isa = PBXFileReference; lastKnownFileType = sourcecode.javascript; path = Script.js; sourceTree = "<group>"; };
		F4F997662F988AD4007E8051 /* ViewController.swift */ = {isa = PBXFileReference; lastKnownFileType = sourcecode.swift; path = ViewController.swift; sourceTree = "<group>"; };
		F4F997692F988AD4007E8051 /* Base */ = {isa = PBXFileReference; lastKnownFileType = file.storyboard; name = Base; path = Base.lproj/Main.storyboard; sourceTree = "<group>"; };
		F4F9976B2F988AD5007E8051 /* Assets.xcassets */ = {isa = PBXFileReference; lastKnownFileType = folder.assetcatalog; path = Assets.xcassets; sourceTree = "<group>"; };
		F4F9976D2F988AD5007E8051 /* Info.plist */ = {isa = PBXFileReference; lastKnownFileType = text.plist.xml; path = Info.plist; sourceTree = "<group>"; };
		F4F997722F988AD5007E8051 /* TablissNG Extension.appex */ = {isa = PBXFileReference; explicitFileType = "wrapper.app-extension"; includeInIndex = 0; path = "TablissNG Extension.appex"; sourceTree = BUILT_PRODUCTS_DIR; };
		F4F997772F988AD5007E8051 /* SafariWebExtensionHandler.swift */ = {isa = PBXFileReference; lastKnownFileType = sourcecode.swift; path = SafariWebExtensionHandler.swift; sourceTree = "<group>"; };
		F4F997792F988AD5007E8051 /* Info.plist */ = {isa = PBXFileReference; lastKnownFileType = text.plist.xml; path = Info.plist; sourceTree = "<group>"; };
/* End PBXFileReference section */

/* Begin PBXFrameworksBuildPhase section */
		F4F997542F988AD4007E8051 /* Frameworks */ = {
			isa = PBXFrameworksBuildPhase;
			buildActionMask = 2147483647;
			files = (
			);
			runOnlyForDeploymentPostprocessing = 0;
		};
		F4F9976F2F988AD5007E8051 /* Frameworks */ = {
			isa = PBXFrameworksBuildPhase;
			buildActionMask = 2147483647;
			files = (
			);
			runOnlyForDeploymentPostprocessing = 0;
		};
/* End PBXFrameworksBuildPhase section */

/* Begin PBXGroup section */
		F4F9974E2F988AD4007E8051 = {
			isa = PBXGroup;
			children = (
				F4F997592F988AD4007E8051 /* TablissNG */,
				F4F997762F988AD5007E8051 /* TablissNG Extension */,
				F4F997582F988AD4007E8051 /* Products */,
			);
			sourceTree = "<group>";
		};
		F4F997582F988AD4007E8051 /* Products */ = {
			isa = PBXGroup;
			children = (
				F4F997572F988AD4007E8051 /* TablissNG.app */,
				F4F997722F988AD5007E8051 /* TablissNG Extension.appex */,
			);
			name = Products;
			sourceTree = "<group>";
		};
		F4F997592F988AD4007E8051 /* TablissNG */ = {
			isa = PBXGroup;
			children = (
				F4F9975A2F988AD4007E8051 /* AppDelegate.swift */,
				F4F997662F988AD4007E8051 /* ViewController.swift */,
				F4F997682F988AD4007E8051 /* Main.storyboard */,
				F4F9976B2F988AD5007E8051 /* Assets.xcassets */,
				F4F9976D2F988AD5007E8051 /* Info.plist */,
				F4F9975C2F988AD4007E8051 /* Resources */,
			);
			path = TablissNG;
			sourceTree = "<group>";
		};
		F4F9975C2F988AD4007E8051 /* Resources */ = {
			isa = PBXGroup;
			children = (
				F4F9975D2F988AD4007E8051 /* Main.html */,
				F4F997602F988AD4007E8051 /* Icon.svg */,
				F4F997622F988AD4007E8051 /* Style.css */,
				F4F997642F988AD4007E8051 /* Script.js */,
			);
			path = Resources;
			sourceTree = "<group>";
		};
		F4F997762F988AD5007E8051 /* TablissNG Extension */ = {
			isa = PBXGroup;
			children = (
				F4F71F092F991AF70081EEDF /* safari */,
				F4F997772F988AD5007E8051 /* SafariWebExtensionHandler.swift */,
				F4F997792F988AD5007E8051 /* Info.plist */,
			);
			path = "TablissNG Extension";
			sourceTree = "<group>";
		};
/* End PBXGroup section */

/* Begin PBXNativeTarget section */
		F4F997562F988AD4007E8051 /* TablissNG */ = {
			isa = PBXNativeTarget;
			buildConfigurationList = F4F997802F988AD5007E8051 /* Build configuration list for PBXNativeTarget "TablissNG" */;
			buildPhases = (
				F4F997532F988AD4007E8051 /* Sources */,
				F4F997542F988AD4007E8051 /* Frameworks */,
				F4F997552F988AD4007E8051 /* Resources */,
				F4F9977F2F988AD5007E8051 /* Embed Foundation Extensions */,
				A1B2C3D52F991AF70081EEDF /* Sync Version From package.json */,
			);
			buildRules = (
			);
			dependencies = (
				F4F997752F988AD5007E8051 /* PBXTargetDependency */,
			);
			name = TablissNG;
			packageProductDependencies = (
			);
			productName = TablissNG;
			productReference = F4F997572F988AD4007E8051 /* TablissNG.app */;
			productType = "com.apple.product-type.application";
		};
		F4F997712F988AD5007E8051 /* TablissNG Extension */ = {
			isa = PBXNativeTarget;
			buildConfigurationList = F4F9977C2F988AD5007E8051 /* Build configuration list for PBXNativeTarget "TablissNG Extension" */;
			buildPhases = (
				F4F9976E2F988AD5007E8051 /* Sources */,
				F4F9976F2F988AD5007E8051 /* Frameworks */,
				F4F997702F988AD5007E8051 /* Resources */,
				A1B2C3D42F991AF70081EEDF /* Copy Web Extension Files */,
				A1B2C3D62F991AF70081EEDF /* Sync Version From package.json */,
			);
			buildRules = (
			);
			dependencies = (
			);
			name = "TablissNG Extension";
			packageProductDependencies = (
			);
			productName = "TablissNG Extension";
			productReference = F4F997722F988AD5007E8051 /* TablissNG Extension.appex */;
			productType = "com.apple.product-type.app-extension";
		};
/* End PBXNativeTarget section */

/* Begin PBXProject section */
		F4F9974F2F988AD4007E8051 /* Project object */ = {
			isa = PBXProject;
			attributes = {
				BuildIndependentTargetsInParallel = 1;
				LastSwiftUpdateCheck = 2650;
				LastUpgradeCheck = 2650;
				TargetAttributes = {
					F4F997562F988AD4007E8051 = {
						CreatedOnToolsVersion = 26.5;
					};
					F4F997712F988AD5007E8051 = {
						CreatedOnToolsVersion = 26.5;
					};
				};
			};
			buildConfigurationList = F4F997522F988AD4007E8051 /* Build configuration list for PBXProject "TablissNG" */;
			developmentRegion = en;
			hasScannedForEncodings = 0;
			knownRegions = (
				en,
				Base,
			);
			mainGroup = F4F9974E2F988AD4007E8051;
			minimizedProjectReferenceProxies = 1;
			preferredProjectObjectVersion = 77;
			productRefGroup = F4F997582F988AD4007E8051 /* Products */;
			projectDirPath = "";
			projectRoot = "";
			targets = (
				F4F997562F988AD4007E8051 /* TablissNG */,
				F4F997712F988AD5007E8051 /* TablissNG Extension */,
			);
		};
/* End PBXProject section */

/* Begin PBXResourcesBuildPhase section */
		F4F997552F988AD4007E8051 /* Resources */ = {
			isa = PBXResourcesBuildPhase;
			buildActionMask = 2147483647;
			files = (
				F4F997612F988AD4007E8051 /* Icon.svg in Resources */,
				F4F9976A2F988AD4007E8051 /* Main.storyboard in Resources */,
				F4F997652F988AD4007E8051 /* Script.js in Resources */,
				F4F9975F2F988AD4007E8051 /* Main.html in Resources */,
				F4F9976C2F988AD5007E8051 /* Assets.xcassets in Resources */,
				F4F997632F988AD4007E8051 /* Style.css in Resources */,
			);
			runOnlyForDeploymentPostprocessing = 0;
		};
		F4F997702F988AD5007E8051 /* Resources */ = {
			isa = PBXResourcesBuildPhase;
			buildActionMask = 2147483647;
			files = (
			);
			runOnlyForDeploymentPostprocessing = 0;
		};
/* End PBXResourcesBuildPhase section */

/* Begin PBXShellScriptBuildPhase section */
		A1B2C3D42F991AF70081EEDF /* Copy Web Extension Files */ = {
			isa = PBXShellScriptBuildPhase;
			alwaysOutOfDate = 1;
			buildActionMask = 2147483647;
			files = (
			);
			inputFileListPaths = (
			);
			inputPaths = (
			);
			name = "Copy Web Extension Files";
			outputFileListPaths = (
			);
			outputPaths = (
			);
			runOnlyForDeploymentPostprocessing = 0;
			shellPath = /bin/sh;
			shellScript = "set -e\nREPO_ROOT=\"${SRCROOT}/..\"\nSRC=\"${REPO_ROOT}/dist/safari/\"\nDEST=\"${TARGET_BUILD_DIR}/${UNLOCALIZED_RESOURCES_FOLDER_PATH}/\"\nPREBUILD=\"${REPO_ROOT}/ci_scripts/ci_pre_xcodebuild.sh\"\n\nif [ ! -d \"$SRC\" ]; then\n  echo \"note: Building Safari extension...\"\n  sh \"$PREBUILD\"\nfi\n\nmkdir -p \"$DEST\"\nrsync -a --exclude '.DS_Store' \"$SRC\" \"$DEST\"\n";
		};
		A1B2C3D52F991AF70081EEDF /* Sync Version From package.json */ = {
			isa = PBXShellScriptBuildPhase;
			alwaysOutOfDate = 1;
			buildActionMask = 2147483647;
			files = (
			);
			inputFileListPaths = (
			);
			inputPaths = (
			);
			name = "Sync Version From package.json";
			outputFileListPaths = (
			);
			outputPaths = (
			);
			runOnlyForDeploymentPostprocessing = 0;
			shellPath = /bin/sh;
			shellScript = "set -e\nPKG=\"${SRCROOT}/../package.json\"\nif [ ! -f \"$PKG\" ]; then\n  echo \"warning: $PKG not found; leaving CFBundleShortVersionString unchanged\"\n  exit 0\nfi\nVERSION=$(/usr/bin/awk -F'\\\"' '/\\\"version\\\"[[:space:]]*:/ {print $4; exit}' \"$PKG\")\nif [ -z \"$VERSION\" ]; then\n  echo \"warning: could not parse version from $PKG; leaving CFBundleShortVersionString unchanged\"\n  exit 0\nfi\nINFO_PLIST=\"${TARGET_BUILD_DIR}/${INFOPLIST_PATH}\"\nif [ ! -f \"$INFO_PLIST\" ]; then\n  echo \"warning: $INFO_PLIST not found yet; skipping version sync\"\n  exit 0\nfi\n/usr/libexec/PlistBuddy -c \"Set :CFBundleShortVersionString $VERSION\" \"$INFO_PLIST\"\necho \"note: set CFBundleShortVersionString to $VERSION in $INFO_PLIST\"\n";
		};
		A1B2C3D62F991AF70081EEDF /* Sync Version From package.json */ = {
			isa = PBXShellScriptBuildPhase;
			alwaysOutOfDate = 1;
			buildActionMask = 2147483647;
			files = (
			);
			inputFileListPaths = (
			);
			inputPaths = (
			);
			name = "Sync Version From package.json";
			outputFileListPaths = (
			);
			outputPaths = (
			);
			runOnlyForDeploymentPostprocessing = 0;
			shellPath = /bin/sh;
			shellScript = "set -e\nPKG=\"${SRCROOT}/../package.json\"\nif [ ! -f \"$PKG\" ]; then\n  echo \"warning: $PKG not found; leaving CFBundleShortVersionString unchanged\"\n  exit 0\nfi\nVERSION=$(/usr/bin/awk -F'\\\"' '/\\\"version\\\"[[:space:]]*:/ {print $4; exit}' \"$PKG\")\nif [ -z \"$VERSION\" ]; then\n  echo \"warning: could not parse version from $PKG; leaving CFBundleShortVersionString unchanged\"\n  exit 0\nfi\nINFO_PLIST=\"${TARGET_BUILD_DIR}/${INFOPLIST_PATH}\"\nif [ ! -f \"$INFO_PLIST\" ]; then\n  echo \"warning: $INFO_PLIST not found yet; skipping version sync\"\n  exit 0\nfi\n/usr/libexec/PlistBuddy -c \"Set :CFBundleShortVersionString $VERSION\" \"$INFO_PLIST\"\necho \"note: set CFBundleShortVersionString to $VERSION in $INFO_PLIST\"\n";
		};
/* End PBXShellScriptBuildPhase section */

/* Begin PBXSourcesBuildPhase section */
		F4F997532F988AD4007E8051 /* Sources */ = {
			isa = PBXSourcesBuildPhase;
			buildActionMask = 2147483647;
			files = (
				F4F997672F988AD4007E8051 /* ViewController.swift in Sources */,
				F4F9975B2F988AD4007E8051 /* AppDelegate.swift in Sources */,
			);
			runOnlyForDeploymentPostprocessing = 0;
		};
		F4F9976E2F988AD5007E8051 /* Sources */ = {
			isa = PBXSourcesBuildPhase;
			buildActionMask = 2147483647;
			files = (
				F4F997782F988AD5007E8051 /* SafariWebExtensionHandler.swift in Sources */,
			);
			runOnlyForDeploymentPostprocessing = 0;
		};
/* End PBXSourcesBuildPhase section */

/* Begin PBXTargetDependency section */
		F4F997752F988AD5007E8051 /* PBXTargetDependency */ = {
			isa = PBXTargetDependency;
			target = F4F997712F988AD5007E8051 /* TablissNG Extension */;
			targetProxy = F4F997742F988AD5007E8051 /* PBXContainerItemProxy */;
		};
/* End PBXTargetDependency section */

/* Begin PBXVariantGroup section */
		F4F9975D2F988AD4007E8051 /* Main.html */ = {
			isa = PBXVariantGroup;
			children = (
				F4F9975E2F988AD4007E8051 /* Base */,
			);
			name = Main.html;
			sourceTree = "<group>";
		};
		F4F997682F988AD4007E8051 /* Main.storyboard */ = {
			isa = PBXVariantGroup;
			children = (
				F4F997692F988AD4007E8051 /* Base */,
			);
			name = Main.storyboard;
			sourceTree = "<group>";
		};
/* End PBXVariantGroup section */

/* Begin XCBuildConfiguration section */
		F4F9977A2F988AD5007E8051 /* Debug */ = {
			isa = XCBuildConfiguration;
			buildSettings = {
				ALWAYS_SEARCH_USER_PATHS = NO;
				ASSETCATALOG_COMPILER_GENERATE_SWIFT_ASSET_SYMBOL_EXTENSIONS = YES;
				CLANG_ANALYZER_NONNULL = YES;
				CLANG_ANALYZER_NUMBER_OBJECT_CONVERSION = YES_AGGRESSIVE;
				CLANG_CXX_LANGUAGE_STANDARD = "gnu++20";
				CLANG_ENABLE_MODULES = YES;
				CLANG_ENABLE_OBJC_ARC = YES;
				CLANG_ENABLE_OBJC_WEAK = YES;
				CLANG_WARN_BLOCK_CAPTURE_AUTORELEASING = YES;
				CLANG_WARN_BOOL_CONVERSION = YES;
				CLANG_WARN_COMMA = YES;
				CLANG_WARN_CONSTANT_CONVERSION = YES;
				CLANG_WARN_DEPRECATED_OBJC_IMPLEMENTATIONS = YES;
				CLANG_WARN_DIRECT_OBJC_ISA_USAGE = YES_ERROR;
				CLANG_WARN_DOCUMENTATION_COMMENTS = YES;
				CLANG_WARN_EMPTY_BODY = YES;
				CLANG_WARN_ENUM_CONVERSION = YES;
				CLANG_WARN_INFINITE_RECURSION = YES;
				CLANG_WARN_INT_CONVERSION = YES;
				CLANG_WARN_NON_LITERAL_NULL_CONVERSION = YES;
				CLANG_WARN_OBJC_IMPLICIT_RETAIN_SELF = YES;
				CLANG_WARN_OBJC_LITERAL_CONVERSION = YES;
				CLANG_WARN_OBJC_ROOT_CLASS = YES_ERROR;
				CLANG_WARN_QUOTED_INCLUDE_IN_FRAMEWORK_HEADER = YES;
				CLANG_WARN_RANGE_LOOP_ANALYSIS = YES;
				CLANG_WARN_STRICT_PROTOTYPES = YES;
				CLANG_WARN_SUSPICIOUS_MOVE = YES;
				CLANG_WARN_UNGUARDED_AVAILABILITY = YES_AGGRESSIVE;
				CLANG_WARN_UNREACHABLE_CODE = YES;
				CLANG_WARN__DUPLICATE_METHOD_MATCH = YES;
				COPY_PHASE_STRIP = NO;
				DEBUG_INFORMATION_FORMAT = dwarf;
				ENABLE_STRICT_OBJC_MSGSEND = YES;
				ENABLE_TESTABILITY = YES;
				ENABLE_USER_SCRIPT_SANDBOXING = YES;
				GCC_C_LANGUAGE_STANDARD = gnu17;
				GCC_DYNAMIC_NO_PIC = NO;
				GCC_NO_COMMON_BLOCKS = YES;
				GCC_OPTIMIZATION_LEVEL = 0;
				GCC_PREPROCESSOR_DEFINITIONS = (
					"DEBUG=1",
					"$(inherited)",
				);
				GCC_WARN_64_TO_32_BIT_CONVERSION = YES;
				GCC_WARN_ABOUT_RETURN_TYPE = YES_ERROR;
				GCC_WARN_UNDECLARED_SELECTOR = YES;
				GCC_WARN_UNINITIALIZED_AUTOS = YES_AGGRESSIVE;
				GCC_WARN_UNUSED_FUNCTION = YES;
				GCC_WARN_UNUSED_VARIABLE = YES;
				LOCALIZATION_PREFERS_STRING_CATALOGS = YES;
				MACOSX_DEPLOYMENT_TARGET = 11.0;
				MTL_ENABLE_DEBUG_INFO = INCLUDE_SOURCE;
				MTL_FAST_MATH = YES;
				ONLY_ACTIVE_ARCH = YES;
				SDKROOT = macosx;
				SWIFT_ACTIVE_COMPILATION_CONDITIONS = "DEBUG $(inherited)";
				SWIFT_OPTIMIZATION_LEVEL = "-Onone";
			};
			name = Debug;
		};
		F4F9977B2F988AD5007E8051 /* Release */ = {
			isa = XCBuildConfiguration;
			buildSettings = {
				ALWAYS_SEARCH_USER_PATHS = NO;
				ASSETCATALOG_COMPILER_GENERATE_SWIFT_ASSET_SYMBOL_EXTENSIONS = YES;
				CLANG_ANALYZER_NONNULL = YES;
				CLANG_ANALYZER_NUMBER_OBJECT_CONVERSION = YES_AGGRESSIVE;
				CLANG_CXX_LANGUAGE_STANDARD = "gnu++20";
				CLANG_ENABLE_MODULES = YES;
				CLANG_ENABLE_OBJC_ARC = YES;
				CLANG_ENABLE_OBJC_WEAK = YES;
				CLANG_WARN_BLOCK_CAPTURE_AUTORELEASING = YES;
				CLANG_WARN_BOOL_CONVERSION = YES;
				CLANG_WARN_COMMA = YES;
				CLANG_WARN_CONSTANT_CONVERSION = YES;
				CLANG_WARN_DEPRECATED_OBJC_IMPLEMENTATIONS = YES;
				CLANG_WARN_DIRECT_OBJC_ISA_USAGE = YES_ERROR;
				CLANG_WARN_DOCUMENTATION_COMMENTS = YES;
				CLANG_WARN_EMPTY_BODY = YES;
				CLANG_WARN_ENUM_CONVERSION = YES;
				CLANG_WARN_INFINITE_RECURSION = YES;
				CLANG_WARN_INT_CONVERSION = YES;
				CLANG_WARN_NON_LITERAL_NULL_CONVERSION = YES;
				CLANG_WARN_OBJC_IMPLICIT_RETAIN_SELF = YES;
				CLANG_WARN_OBJC_LITERAL_CONVERSION = YES;
				CLANG_WARN_OBJC_ROOT_CLASS = YES_ERROR;
				CLANG_WARN_QUOTED_INCLUDE_IN_FRAMEWORK_HEADER = YES;
				CLANG_WARN_RANGE_LOOP_ANALYSIS = YES;
				CLANG_WARN_STRICT_PROTOTYPES = YES;
				CLANG_WARN_SUSPICIOUS_MOVE = YES;
				CLANG_WARN_UNGUARDED_AVAILABILITY = YES_AGGRESSIVE;
				CLANG_WARN_UNREACHABLE_CODE = YES;
				CLANG_WARN__DUPLICATE_METHOD_MATCH = YES;
				COPY_PHASE_STRIP = NO;
				DEBUG_INFORMATION_FORMAT = "dwarf-with-dsym";
				ENABLE_NS_ASSERTIONS = NO;
				ENABLE_STRICT_OBJC_MSGSEND = YES;
				ENABLE_USER_SCRIPT_SANDBOXING = YES;
				GCC_C_LANGUAGE_STANDARD = gnu17;
				GCC_NO_COMMON_BLOCKS = YES;
				GCC_WARN_64_TO_32_BIT_CONVERSION = YES;
				GCC_WARN_ABOUT_RETURN_TYPE = YES_ERROR;
				GCC_WARN_UNDECLARED_SELECTOR = YES;
				GCC_WARN_UNINITIALIZED_AUTOS = YES_AGGRESSIVE;
				GCC_WARN_UNUSED_FUNCTION = YES;
				GCC_WARN_UNUSED_VARIABLE = YES;
				LOCALIZATION_PREFERS_STRING_CATALOGS = YES;
				MACOSX_DEPLOYMENT_TARGET = 11.0;
				MTL_ENABLE_DEBUG_INFO = NO;
				MTL_FAST_MATH = YES;
				SDKROOT = macosx;
				SWIFT_COMPILATION_MODE = wholemodule;
			};
			name = Release;
		};
			F4F9977D2F988AD5007E8051 /* Debug */ = {
			isa = XCBuildConfiguration;
			buildSettings = {
				ASSETCATALOG_COMPILER_APPICON_NAME = AppIcon;
				CODE_SIGN_STYLE = Automatic;
				CURRENT_PROJECT_VERSION = 1;
				DEVELOPMENT_TEAM = P6PV2R9443;
				ENABLE_APP_SANDBOX = YES;
				ENABLE_HARDENED_RUNTIME = YES;
				ENABLE_USER_SCRIPT_SANDBOXING = NO;
				ENABLE_USER_SELECTED_FILES = readonly;
				GENERATE_INFOPLIST_FILE = YES;
				INFOPLIST_FILE = "TablissNG Extension/Info.plist";
				INFOPLIST_KEY_CFBundleDisplayName = "TablissNG Extension";
				INFOPLIST_KEY_NSHumanReadableCopyright = "";
				LD_RUNPATH_SEARCH_PATHS = (
					"$(inherited)",
					"@executable_path/../Frameworks",
					"@executable_path/../../../../Frameworks",
				);
				MACOSX_DEPLOYMENT_TARGET = 11.0;
				MARKETING_VERSION = 1.0;
				OTHER_LDFLAGS = (
					"-framework",
					SafariServices,
				);
				PRODUCT_BUNDLE_IDENTIFIER = com.bookcatkid.TablissNG.Extension;
				PRODUCT_NAME = "$(TARGET_NAME)";
				SKIP_INSTALL = NO;
				STRING_CATALOG_GENERATE_SYMBOLS = YES;
				SWIFT_APPROACHABLE_CONCURRENCY = YES;
				SWIFT_EMIT_LOC_STRINGS = YES;
				SWIFT_UPCOMING_FEATURE_MEMBER_IMPORT_VISIBILITY = YES;
				SWIFT_VERSION = 5.0;
			};
			name = Debug;
		};
		F4F9977E2F988AD5007E8051 /* Release */ = {
			isa = XCBuildConfiguration;
			buildSettings = {
				ASSETCATALOG_COMPILER_APPICON_NAME = AppIcon;
				CODE_SIGN_STYLE = Automatic;
				CURRENT_PROJECT_VERSION = 1;
				DEVELOPMENT_TEAM = P6PV2R9443;
				ENABLE_APP_SANDBOX = YES;
				ENABLE_HARDENED_RUNTIME = YES;
				ENABLE_USER_SCRIPT_SANDBOXING = NO;
				ENABLE_USER_SELECTED_FILES = readonly;
				GENERATE_INFOPLIST_FILE = YES;
				INFOPLIST_FILE = "TablissNG Extension/Info.plist";
				INFOPLIST_KEY_CFBundleDisplayName = "TablissNG Extension";
				INFOPLIST_KEY_NSHumanReadableCopyright = "";
				LD_RUNPATH_SEARCH_PATHS = (
					"$(inherited)",
					"@executable_path/../Frameworks",
					"@executable_path/../../../../Frameworks",
				);
				MACOSX_DEPLOYMENT_TARGET = 11.0;
				MARKETING_VERSION = 1.0;
				OTHER_LDFLAGS = (
					"-framework",
					SafariServices,
				);
				PRODUCT_BUNDLE_IDENTIFIER = com.bookcatkid.TablissNG.Extension;
				PRODUCT_NAME = "$(TARGET_NAME)";
				SKIP_INSTALL = NO;
				STRING_CATALOG_GENERATE_SYMBOLS = YES;
				SWIFT_APPROACHABLE_CONCURRENCY = YES;
				SWIFT_EMIT_LOC_STRINGS = YES;
				SWIFT_UPCOMING_FEATURE_MEMBER_IMPORT_VISIBILITY = YES;
				SWIFT_VERSION = 5.0;
			};
			name = Release;
		};
		F4F997812F988AD5007E8051 /* Debug */ = {
			isa = XCBuildConfiguration;
			buildSettings = {
				ASSETCATALOG_COMPILER_APPICON_NAME = AppIcon;
				ASSETCATALOG_COMPILER_GLOBAL_ACCENT_COLOR_NAME = AccentColor;
				CODE_SIGN_STYLE = Automatic;
				COMBINE_HIDPI_IMAGES = YES;
				CURRENT_PROJECT_VERSION = 1;
				DEVELOPMENT_TEAM = P6PV2R9443;
				ENABLE_APP_SANDBOX = YES;
				ENABLE_HARDENED_RUNTIME = YES;
				ENABLE_OUTGOING_NETWORK_CONNECTIONS = YES;
				ENABLE_USER_SCRIPT_SANDBOXING = NO;
				ENABLE_USER_SELECTED_FILES = readonly;
				GENERATE_INFOPLIST_FILE = YES;
				INFOPLIST_FILE = TablissNG/Info.plist;
				INFOPLIST_KEY_CFBundleDisplayName = TablissNG;
				INFOPLIST_KEY_LSApplicationCategoryType = "public.app-category.productivity";
				INFOPLIST_KEY_NSHumanReadableCopyright = "";
				INFOPLIST_KEY_NSMainStoryboardFile = Main;
				INFOPLIST_KEY_NSPrincipalClass = NSApplication;
				LD_RUNPATH_SEARCH_PATHS = (
					"$(inherited)",
					"@executable_path/../Frameworks",
				);
				MARKETING_VERSION = 1.0;
				OTHER_LDFLAGS = (
					"-framework",
					SafariServices,
					"-framework",
					WebKit,
				);
				PRODUCT_BUNDLE_IDENTIFIER = com.bookcatkid.TablissNG;
				PRODUCT_NAME = "$(TARGET_NAME)";
				REGISTER_APP_GROUPS = YES;
				STRING_CATALOG_GENERATE_SYMBOLS = YES;
				SWIFT_APPROACHABLE_CONCURRENCY = YES;
				SWIFT_DEFAULT_ACTOR_ISOLATION = MainActor;
				SWIFT_EMIT_LOC_STRINGS = YES;
				SWIFT_UPCOMING_FEATURE_MEMBER_IMPORT_VISIBILITY = YES;
				SWIFT_VERSION = 5.0;
			};
			name = Debug;
		};
		F4F997822F988AD5007E8051 /* Release */ = {
			isa = XCBuildConfiguration;
			buildSettings = {
				ASSETCATALOG_COMPILER_APPICON_NAME = AppIcon;
				ASSETCATALOG_COMPILER_GLOBAL_ACCENT_COLOR_NAME = AccentColor;
				CODE_SIGN_STYLE = Automatic;
				COMBINE_HIDPI_IMAGES = YES;
				CURRENT_PROJECT_VERSION = 1;
				DEVELOPMENT_TEAM = P6PV2R9443;
				ENABLE_APP_SANDBOX = YES;
				ENABLE_HARDENED_RUNTIME = YES;
				ENABLE_OUTGOING_NETWORK_CONNECTIONS = YES;
				ENABLE_USER_SCRIPT_SANDBOXING = NO;
				ENABLE_USER_SELECTED_FILES = readonly;
				GENERATE_INFOPLIST_FILE = YES;
				INFOPLIST_FILE = TablissNG/Info.plist;
				INFOPLIST_KEY_CFBundleDisplayName = TablissNG;
				INFOPLIST_KEY_LSApplicationCategoryType = "public.app-category.productivity";
				INFOPLIST_KEY_NSHumanReadableCopyright = "";
				INFOPLIST_KEY_NSMainStoryboardFile = Main;
				INFOPLIST_KEY_NSPrincipalClass = NSApplication;
				LD_RUNPATH_SEARCH_PATHS = (
					"$(inherited)",
					"@executable_path/../Frameworks",
				);
				MARKETING_VERSION = 1.0;
				OTHER_LDFLAGS = (
					"-framework",
					SafariServices,
					"-framework",
					WebKit,
				);
				PRODUCT_BUNDLE_IDENTIFIER = com.bookcatkid.TablissNG;
				PRODUCT_NAME = "$(TARGET_NAME)";
				REGISTER_APP_GROUPS = YES;
				STRING_CATALOG_GENERATE_SYMBOLS = YES;
				SWIFT_APPROACHABLE_CONCURRENCY = YES;
				SWIFT_DEFAULT_ACTOR_ISOLATION = MainActor;
				SWIFT_EMIT_LOC_STRINGS = YES;
				SWIFT_UPCOMING_FEATURE_MEMBER_IMPORT_VISIBILITY = YES;
				SWIFT_VERSION = 5.0;
			};
			name = Release;
		};
/* End XCBuildConfiguration section */

/* Begin XCConfigurationList section */
		F4F997522F988AD4007E8051 /* Build configuration list for PBXProject "TablissNG" */ = {
			isa = XCConfigurationList;
			buildConfigurations = (
				F4F9977A2F988AD5007E8051 /* Debug */,
				F4F9977B2F988AD5007E8051 /* Release */,
			);
			defaultConfigurationIsVisible = 0;
			defaultConfigurationName = Release;
		};
		F4F9977C2F988AD5007E8051 /* Build configuration list for PBXNativeTarget "TablissNG Extension" */ = {
			isa = XCConfigurationList;
			buildConfigurations = (
				F4F9977D2F988AD5007E8051 /* Debug */,
				F4F9977E2F988AD5007E8051 /* Release */,
			);
			defaultConfigurationIsVisible = 0;
			defaultConfigurationName = Release;
		};
		F4F997802F988AD5007E8051 /* Build configuration list for PBXNativeTarget "TablissNG" */ = {
			isa = XCConfigurationList;
			buildConfigurations = (
				F4F997812F988AD5007E8051 /* Debug */,
				F4F997822F988AD5007E8051 /* Release */,
			);
			defaultConfigurationIsVisible = 0;
			defaultConfigurationName = Release;
		};
/* End XCConfigurationList section */
	};
	rootObject = F4F9974F2F988AD4007E8051 /* Project object */;
}
